
Microsoft Visual Studio Solution File, Format Version 12.00
# Visual Studio Version 17
VisualStudioVersion = 17.11.35222.181
MinimumVisualStudioVersion = 10.0.40219.1
Project("{FAE04EC0-301F-11D3-BF4B-00C04F79EFBC}") = "Student", "Student\Student.csproj", "{16F3C04B-FE6A-4893-9E7C-EE1A861F1C0D}"
EndProject
Project("{FAE04EC0-301F-11D3-BF4B-00C04F79EFBC}") = "Teacher", "Teacher\Teacher.csproj", "{7F9168D5-CDDE-4695-89F8-86C4F4747815}"
EndProject
Global
	GlobalSection(SolutionConfigurationPlatforms) = preSolution
		Debug|Any CPU = Debug|Any CPU
		Release|Any CPU = Release|Any CPU
	EndGlobalSection
	GlobalSection(ProjectConfigurationPlatforms) = postSolution
		{16F3C04B-FE6A-4893-9E7C-EE1A861F1C0D}.Debug|Any CPU.ActiveCfg = Debug|Any CPU
		{16F3C04B-FE6A-4893-9E7C-EE1A861F1C0D}.Debug|Any CPU.Build.0 = Debug|Any CPU
		{16F3C04B-FE6A-4893-9E7C-EE1A861F1C0D}.Release|Any CPU.ActiveCfg = Release|Any CPU
		{16F3C04B-FE6A-4893-9E7C-EE1A861F1C0D}.Release|Any CPU.Build.0 = Release|Any CPU
		{7F9168D5-CDDE-4695-89F8-86C4F4747815}.Debug|Any CPU.ActiveCfg = Debug|Any CPU
		{7F9168D5-CDDE-4695-89F8-86C4F4747815}.Debug|Any CPU.Build.0 = Debug|Any CPU
		{7F9168D5-CDDE-4695-89F8-86C4F4747815}.Release|Any CPU.ActiveCfg = Release|Any CPU
		{7F9168D5-CDDE-4695-89F8-86C4F4747815}.Release|Any CPU.Build.0 = Release|Any CPU
	EndGlobalSection
	GlobalSection(SolutionProperties) = preSolution
		HideSolutionNode = FALSE
	EndGlobalSection
	GlobalSection(ExtensibilityGlobals) = postSolution
		SolutionGuid = {8174920B-DD0B-417E-A4CC-3AA0772616A0}
	EndGlobalSection
EndGlobal
